# THIS IS AN AUTOGENERATED FILE. DO NOT EDIT THIS FILE DIRECTLY.
# yarn lockfile v1


"@pipiczistvan/pi-leader-line@git@github.com:pipiczistvan/piNg/tree/master/projects/pi-leader-line.git":
  version "0.0.1"
  resolved "https://registry.yarnpkg.com/@pipiczistvan/pi-leader-line/-/pi-leader-line-0.0.1.tgz#063028893db03bee256db7288055445db6fb9fa2"
  dependencies:
    leader-line "^1.0.5"
    tslib "^1.9.0"

leader-line@^1.0.5:
  version "1.0.5"
  resolved "https://registry.yarnpkg.com/leader-line/-/leader-line-1.0.5.tgz#691b5e2649ddff30d9e03084fb327503120dc77a"

tslib@^1.9.0:
  version "1.9.3"
  resolved "https://registry.yarnpkg.com/tslib/-/tslib-1.9.3.tgz#d7e4dd79245d85428c4d7e4822a79917954ca286"
